PODS:
  - audioplayers (0.0.1):
    - Flutter
  - Flutter (1.0.0)
  - path_provider (0.0.1):
    - Flutter
  - video_player (0.0.1):
    - Flutter
  - video_player_web (0.0.1):
    - Flutter

DEPENDENCIES:
  - audioplayers (from `.symlinks/plugins/audioplayers/ios`)
  - Flutter (from `Flutter`)
  - path_provider (from `.symlinks/plugins/path_provider/ios`)
  - video_player (from `.symlinks/plugins/video_player/ios`)
  - video_player_web (from `.symlinks/plugins/video_player_web/ios`)

EXTERNAL SOURCES:
  audioplayers:
    :path: ".symlinks/plugins/audioplayers/ios"
  Flutter:
    :path: Flutter
  path_provider:
    :path: ".symlinks/plugins/path_provider/ios"
  video_player:
    :path: ".symlinks/plugins/video_player/ios"
  video_player_web:
    :path: ".symlinks/plugins/video_player_web/ios"

SPEC CHECKSUMS:
  audioplayers: 84f968cea3f2deab00ec4f8ff53358b3c0b3992c
  Flutter: 0e3d915762c693b495b44d77113d4970485de6ec
  path_provider: f96fff6166a8867510d2c25fdcc346327cc4b259
  video_player: 9cc823b1d9da7e8427ee591e8438bfbcde500e6e
  video_player_web: da8cadb8274ed4f8dbee8d7171b420dedd437ce7

PODFILE CHECKSUM: c34e2287a9ccaa606aeceab922830efb9a6ff69a

COCOAPODS: 1.9.3
